
Microsoft Visual Studio Solution File, Format Version 12.00
Project("{2150E333-8FDC-42A3-9474-1A3956D46DE8}") = "Public", "Public", "{E3957BA9-26D9-4F89-AB13-7C19966CCBD1}"
EndProject
Project("{FAE04EC0-301F-11D3-BF4B-00C04F79EFBC}") = "Blater.Frontend", "..\..\Blater.Frontend\src\Blater.Frontend\Blater.Frontend.csproj", "{95BA0764-4BAC-451D-8DD4-D87E40EDD069}"
EndProject
Project("{FAE04EC0-301F-11D3-BF4B-00C04F79EFBC}") = "Blater.SDK", "..\..\Blater.SDK\src\Blater.SDK\Blater.SDK.csproj", "{E02DF0AB-40E8-4B5E-8458-860B802BD97B}"
EndProject
Project("{FAE04EC0-301F-11D3-BF4B-00C04F79EFBC}") = "Blater", "..\..\Blater\src\Blater\Blater.csproj", "{E9BDE1AD-FF0C-4FFF-AD29-27401AB2384E}"
EndProject
Project("{FAE04EC0-301F-11D3-BF4B-00C04F79EFBC}") = "Blater.Frontend.SourceGenerator", "..\..\Blater.Frontend\src\Blater.Frontend.SourceGenerator\Blater.Frontend.SourceGenerator.csproj", "{A141C583-5740-4A1F-ABFD-64F16D7E74A3}"
EndProject
Project("{2150E333-8FDC-42A3-9474-1A3956D46DE8}") = "Actions", "Actions", "{AD26236F-79EF-43FE-B700-C563D73A5590}"
	ProjectSection(SolutionItems) = preProject
		..\.github\workflows\portal.yml = ..\.github\workflows\portal.yml
	EndProjectSection
EndProject
Project("{FAE04EC0-301F-11D3-BF4B-00C04F79EFBC}") = "Blater.Portal", "Blater.Portal\Blater.Portal\Blater.Portal.csproj", "{26154414-3D3A-46D5-8ED6-3C263F21950C}"
EndProject
Project("{FAE04EC0-301F-11D3-BF4B-00C04F79EFBC}") = "Blater.Portal.Client", "Blater.Portal\Blater.Portal.Client\Blater.Portal.Client.csproj", "{ADC595CE-94BA-4092-A1A1-AC34487F082C}"
EndProject
Project("{2150E333-8FDC-42A3-9474-1A3956D46DE8}") = "SolutionFolder", "SolutionFolder", "{E1E68E05-139B-48FD-905D-E6A941AFA269}"
	ProjectSection(SolutionItems) = preProject
		.editorconfig = .editorconfig
		Directory.Build.props = Directory.Build.props
		.globalconfig = .globalconfig
	EndProjectSection
EndProject
Project("{FAE04EC0-301F-11D3-BF4B-00C04F79EFBC}") = "Blater.Frontend.Client", "..\..\Blater.Frontend\src\Blater.Frontend.Client\Blater.Frontend.Client.csproj", "{0D2E9740-C097-40D1-A9E8-3DB4FE19196E}"
EndProject
Project("{2150E333-8FDC-42A3-9474-1A3956D46DE8}") = "Components", "Components", "{FC8612F3-C1B4-4EFE-B0D3-4F20881880A7}"
EndProject
Project("{FAE04EC0-301F-11D3-BF4B-00C04F79EFBC}") = "Blater.Frontend.Charts", "..\..\Blater.Frontend\src\Blater.Frontend.Charts\Blater.Frontend.Charts.csproj", "{D4548B45-563D-41DD-A5CD-1587F7D3ACC8}"
EndProject
Global
	GlobalSection(SolutionConfigurationPlatforms) = preSolution
		Debug|Any CPU = Debug|Any CPU
		Release|Any CPU = Release|Any CPU
	EndGlobalSection
	GlobalSection(ProjectConfigurationPlatforms) = postSolution
		{95BA0764-4BAC-451D-8DD4-D87E40EDD069}.Debug|Any CPU.ActiveCfg = Debug|Any CPU
		{95BA0764-4BAC-451D-8DD4-D87E40EDD069}.Debug|Any CPU.Build.0 = Debug|Any CPU
		{95BA0764-4BAC-451D-8DD4-D87E40EDD069}.Release|Any CPU.ActiveCfg = Release|Any CPU
		{95BA0764-4BAC-451D-8DD4-D87E40EDD069}.Release|Any CPU.Build.0 = Release|Any CPU
		{E02DF0AB-40E8-4B5E-8458-860B802BD97B}.Debug|Any CPU.ActiveCfg = Debug|Any CPU
		{E02DF0AB-40E8-4B5E-8458-860B802BD97B}.Debug|Any CPU.Build.0 = Debug|Any CPU
		{E02DF0AB-40E8-4B5E-8458-860B802BD97B}.Release|Any CPU.ActiveCfg = Release|Any CPU
		{E02DF0AB-40E8-4B5E-8458-860B802BD97B}.Release|Any CPU.Build.0 = Release|Any CPU
		{E9BDE1AD-FF0C-4FFF-AD29-27401AB2384E}.Debug|Any CPU.ActiveCfg = Debug|Any CPU
		{E9BDE1AD-FF0C-4FFF-AD29-27401AB2384E}.Debug|Any CPU.Build.0 = Debug|Any CPU
		{E9BDE1AD-FF0C-4FFF-AD29-27401AB2384E}.Release|Any CPU.ActiveCfg = Release|Any CPU
		{E9BDE1AD-FF0C-4FFF-AD29-27401AB2384E}.Release|Any CPU.Build.0 = Release|Any CPU
		{A141C583-5740-4A1F-ABFD-64F16D7E74A3}.Debug|Any CPU.ActiveCfg = Debug|Any CPU
		{A141C583-5740-4A1F-ABFD-64F16D7E74A3}.Debug|Any CPU.Build.0 = Debug|Any CPU
		{A141C583-5740-4A1F-ABFD-64F16D7E74A3}.Release|Any CPU.ActiveCfg = Release|Any CPU
		{A141C583-5740-4A1F-ABFD-64F16D7E74A3}.Release|Any CPU.Build.0 = Release|Any CPU
		{26154414-3D3A-46D5-8ED6-3C263F21950C}.Debug|Any CPU.ActiveCfg = Debug|Any CPU
		{26154414-3D3A-46D5-8ED6-3C263F21950C}.Debug|Any CPU.Build.0 = Debug|Any CPU
		{26154414-3D3A-46D5-8ED6-3C263F21950C}.Release|Any CPU.ActiveCfg = Release|Any CPU
		{26154414-3D3A-46D5-8ED6-3C263F21950C}.Release|Any CPU.Build.0 = Release|Any CPU
		{ADC595CE-94BA-4092-A1A1-AC34487F082C}.Debug|Any CPU.ActiveCfg = Debug|Any CPU
		{ADC595CE-94BA-4092-A1A1-AC34487F082C}.Debug|Any CPU.Build.0 = Debug|Any CPU
		{ADC595CE-94BA-4092-A1A1-AC34487F082C}.Release|Any CPU.ActiveCfg = Release|Any CPU
		{ADC595CE-94BA-4092-A1A1-AC34487F082C}.Release|Any CPU.Build.0 = Release|Any CPU
		{0D2E9740-C097-40D1-A9E8-3DB4FE19196E}.Debug|Any CPU.ActiveCfg = Debug|Any CPU
		{0D2E9740-C097-40D1-A9E8-3DB4FE19196E}.Debug|Any CPU.Build.0 = Debug|Any CPU
		{0D2E9740-C097-40D1-A9E8-3DB4FE19196E}.Release|Any CPU.ActiveCfg = Release|Any CPU
		{0D2E9740-C097-40D1-A9E8-3DB4FE19196E}.Release|Any CPU.Build.0 = Release|Any CPU
		{D4548B45-563D-41DD-A5CD-1587F7D3ACC8}.Debug|Any CPU.ActiveCfg = Debug|Any CPU
		{D4548B45-563D-41DD-A5CD-1587F7D3ACC8}.Debug|Any CPU.Build.0 = Debug|Any CPU
		{D4548B45-563D-41DD-A5CD-1587F7D3ACC8}.Release|Any CPU.ActiveCfg = Release|Any CPU
		{D4548B45-563D-41DD-A5CD-1587F7D3ACC8}.Release|Any CPU.Build.0 = Release|Any CPU
	EndGlobalSection
	GlobalSection(NestedProjects) = preSolution
		{95BA0764-4BAC-451D-8DD4-D87E40EDD069} = {E3957BA9-26D9-4F89-AB13-7C19966CCBD1}
		{E02DF0AB-40E8-4B5E-8458-860B802BD97B} = {E3957BA9-26D9-4F89-AB13-7C19966CCBD1}
		{E9BDE1AD-FF0C-4FFF-AD29-27401AB2384E} = {E3957BA9-26D9-4F89-AB13-7C19966CCBD1}
		{A141C583-5740-4A1F-ABFD-64F16D7E74A3} = {E3957BA9-26D9-4F89-AB13-7C19966CCBD1}
		{0D2E9740-C097-40D1-A9E8-3DB4FE19196E} = {E3957BA9-26D9-4F89-AB13-7C19966CCBD1}
		{FC8612F3-C1B4-4EFE-B0D3-4F20881880A7} = {E3957BA9-26D9-4F89-AB13-7C19966CCBD1}
		{D4548B45-563D-41DD-A5CD-1587F7D3ACC8} = {FC8612F3-C1B4-4EFE-B0D3-4F20881880A7}
	EndGlobalSection
EndGlobal
